
Microsoft Visual Studio Solution File, Format Version 12.00
# Visual Studio Version 17
VisualStudioVersion = 17.0.33422.545
MinimumVisualStudioVersion = 10.0.40219.1
Project("{FAE04EC0-301F-11D3-BF4B-00C04F79EFBC}") = "EstateFlow.Domain", "src\EstateFlow.Domain\EstateFlow.Domain.csproj", "{A1B2C3D4-E5F6-4711-890A-BCDEF0123456}"
EndProject
Project("{FAE04EC0-301F-11D3-BF4B-00C04F79EFBC}") = "EstateFlow.Application", "src\EstateFlow.Application\EstateFlow.Application.csproj", "{B2C3D4E5-F6A7-4812-901B-CDEF01234567}"
EndProject
Project("{FAE04EC0-301F-11D3-BF4B-00C04F79EFBC}") = "EstateFlow.Infrastructure", "src\EstateFlow.Infrastructure\EstateFlow.Infrastructure.csproj", "{C3D4E5F6-A7B8-4923-012C-DEF012345678}"
EndProject
Project("{FAE04EC0-301F-11D3-BF4B-00C04F79EFBC}") = "EstateFlow.Api", "src\EstateFlow.Api\EstateFlow.Api.csproj", "{D4E5F6A7-B8C9-4A34-123D-EF0123456789}"
EndProject
Project("{FAE04EC0-301F-11D3-BF4B-00C04F79EFBC}") = "EstateFlow.Shared", "src\EstateFlow.Shared\EstateFlow.Shared.csproj", "{E5F6A7B8-C9D0-4A45-234E-F01234567890}"
EndProject
Project("{2150E333-8FDC-42A3-9474-1A3956D46DE8}") = "tests", "tests", "{0AB3BF05-4346-4AA6-1389-037BE0695223}"
EndProject
Project("{FAE04EC0-301F-11D3-BF4B-00C04F79EFBC}") = "EstateFlow.Domain.Tests", "tests\EstateFlow.Domain.Tests\EstateFlow.Domain.Tests.csproj", "{3729F736-4087-4A43-B373-B5DA9D1E5BD5}"
EndProject
Project("{2150E333-8FDC-42A3-9474-1A3956D46DE8}") = "src", "src", "{827E0CD3-B72D-47B6-A68D-7590B98EB39B}"
EndProject
Project("{FAE04EC0-301F-11D3-BF4B-00C04F79EFBC}") = "EstateFlow.Api.IntegrationTests", "tests\EstateFlow.Api.IntegrationTests\EstateFlow.Api.IntegrationTests.csproj", "{4B7C5B9F-113F-447C-9165-200472F3737D}"
EndProject
Project("{FAE04EC0-301F-11D3-BF4B-00C04F79EFBC}") = "EstateFlow.Infrastructure.Tests", "tests\EstateFlow.Infrastructure.Tests\EstateFlow.Infrastructure.Tests.csproj", "{3EE492EF-8284-4241-BE47-6BCB551C7FE1}"
EndProject
Global
	GlobalSection(SolutionConfigurationPlatforms) = preSolution
		Debug|Any CPU = Debug|Any CPU
		Debug|x64 = Debug|x64
		Debug|x86 = Debug|x86
		Release|Any CPU = Release|Any CPU
		Release|x64 = Release|x64
		Release|x86 = Release|x86
	EndGlobalSection
	GlobalSection(ProjectConfigurationPlatforms) = postSolution
		{A1B2C3D4-E5F6-4711-890A-BCDEF0123456}.Debug|Any CPU.ActiveCfg = Debug|Any CPU
		{A1B2C3D4-E5F6-4711-890A-BCDEF0123456}.Debug|Any CPU.Build.0 = Debug|Any CPU
		{A1B2C3D4-E5F6-4711-890A-BCDEF0123456}.Debug|x64.ActiveCfg = Debug|Any CPU
		{A1B2C3D4-E5F6-4711-890A-BCDEF0123456}.Debug|x64.Build.0 = Debug|Any CPU
		{A1B2C3D4-E5F6-4711-890A-BCDEF0123456}.Debug|x86.ActiveCfg = Debug|Any CPU
		{A1B2C3D4-E5F6-4711-890A-BCDEF0123456}.Debug|x86.Build.0 = Debug|Any CPU
		{A1B2C3D4-E5F6-4711-890A-BCDEF0123456}.Release|Any CPU.ActiveCfg = Release|Any CPU
		{A1B2C3D4-E5F6-4711-890A-BCDEF0123456}.Release|Any CPU.Build.0 = Release|Any CPU
		{A1B2C3D4-E5F6-4711-890A-BCDEF0123456}.Release|x64.ActiveCfg = Release|Any CPU
		{A1B2C3D4-E5F6-4711-890A-BCDEF0123456}.Release|x64.Build.0 = Release|Any CPU
		{A1B2C3D4-E5F6-4711-890A-BCDEF0123456}.Release|x86.ActiveCfg = Release|Any CPU
		{A1B2C3D4-E5F6-4711-890A-BCDEF0123456}.Release|x86.Build.0 = Release|Any CPU
		{B2C3D4E5-F6A7-4812-901B-CDEF01234567}.Debug|Any CPU.ActiveCfg = Debug|Any CPU
		{B2C3D4E5-F6A7-4812-901B-CDEF01234567}.Debug|Any CPU.Build.0 = Debug|Any CPU
		{B2C3D4E5-F6A7-4812-901B-CDEF01234567}.Debug|x64.ActiveCfg = Debug|Any CPU
		{B2C3D4E5-F6A7-4812-901B-CDEF01234567}.Debug|x64.Build.0 = Debug|Any CPU
		{B2C3D4E5-F6A7-4812-901B-CDEF01234567}.Debug|x86.ActiveCfg = Debug|Any CPU
		{B2C3D4E5-F6A7-4812-901B-CDEF01234567}.Debug|x86.Build.0 = Debug|Any CPU
		{B2C3D4E5-F6A7-4812-901B-CDEF01234567}.Release|Any CPU.ActiveCfg = Release|Any CPU
		{B2C3D4E5-F6A7-4812-901B-CDEF01234567}.Release|Any CPU.Build.0 = Release|Any CPU
		{B2C3D4E5-F6A7-4812-901B-CDEF01234567}.Release|x64.ActiveCfg = Release|Any CPU
		{B2C3D4E5-F6A7-4812-901B-CDEF01234567}.Release|x64.Build.0 = Release|Any CPU
		{B2C3D4E5-F6A7-4812-901B-CDEF01234567}.Release|x86.ActiveCfg = Release|Any CPU
		{B2C3D4E5-F6A7-4812-901B-CDEF01234567}.Release|x86.Build.0 = Release|Any CPU
		{C3D4E5F6-A7B8-4923-012C-DEF012345678}.Debug|Any CPU.ActiveCfg = Debug|Any CPU
		{C3D4E5F6-A7B8-4923-012C-DEF012345678}.Debug|Any CPU.Build.0 = Debug|Any CPU
		{C3D4E5F6-A7B8-4923-012C-DEF012345678}.Debug|x64.ActiveCfg = Debug|Any CPU
		{C3D4E5F6-A7B8-4923-012C-DEF012345678}.Debug|x64.Build.0 = Debug|Any CPU
		{C3D4E5F6-A7B8-4923-012C-DEF012345678}.Debug|x86.ActiveCfg = Debug|Any CPU
		{C3D4E5F6-A7B8-4923-012C-DEF012345678}.Debug|x86.Build.0 = Debug|Any CPU
		{C3D4E5F6-A7B8-4923-012C-DEF012345678}.Release|Any CPU.ActiveCfg = Release|Any CPU
		{C3D4E5F6-A7B8-4923-012C-DEF012345678}.Release|Any CPU.Build.0 = Release|Any CPU
		{C3D4E5F6-A7B8-4923-012C-DEF012345678}.Release|x64.ActiveCfg = Release|Any CPU
		{C3D4E5F6-A7B8-4923-012C-DEF012345678}.Release|x64.Build.0 = Release|Any CPU
		{C3D4E5F6-A7B8-4923-012C-DEF012345678}.Release|x86.ActiveCfg = Release|Any CPU
		{C3D4E5F6-A7B8-4923-012C-DEF012345678}.Release|x86.Build.0 = Release|Any CPU
		{D4E5F6A7-B8C9-4A34-123D-EF0123456789}.Debug|Any CPU.ActiveCfg = Debug|Any CPU
		{D4E5F6A7-B8C9-4A34-123D-EF0123456789}.Debug|Any CPU.Build.0 = Debug|Any CPU
		{D4E5F6A7-B8C9-4A34-123D-EF0123456789}.Debug|x64.ActiveCfg = Debug|Any CPU
		{D4E5F6A7-B8C9-4A34-123D-EF0123456789}.Debug|x64.Build.0 = Debug|Any CPU
		{D4E5F6A7-B8C9-4A34-123D-EF0123456789}.Debug|x86.ActiveCfg = Debug|Any CPU
		{D4E5F6A7-B8C9-4A34-123D-EF0123456789}.Debug|x86.Build.0 = Debug|Any CPU
		{D4E5F6A7-B8C9-4A34-123D-EF0123456789}.Release|Any CPU.ActiveCfg = Release|Any CPU
		{D4E5F6A7-B8C9-4A34-123D-EF0123456789}.Release|Any CPU.Build.0 = Release|Any CPU
		{D4E5F6A7-B8C9-4A34-123D-EF0123456789}.Release|x64.ActiveCfg = Release|Any CPU
		{D4E5F6A7-B8C9-4A34-123D-EF0123456789}.Release|x64.Build.0 = Release|Any CPU
		{D4E5F6A7-B8C9-4A34-123D-EF0123456789}.Release|x86.ActiveCfg = Release|Any CPU
		{D4E5F6A7-B8C9-4A34-123D-EF0123456789}.Release|x86.Build.0 = Release|Any CPU
		{E5F6A7B8-C9D0-4A45-234E-F01234567890}.Debug|Any CPU.ActiveCfg = Debug|Any CPU
		{E5F6A7B8-C9D0-4A45-234E-F01234567890}.Debug|Any CPU.Build.0 = Debug|Any CPU
		{E5F6A7B8-C9D0-4A45-234E-F01234567890}.Debug|x64.ActiveCfg = Debug|Any CPU
		{E5F6A7B8-C9D0-4A45-234E-F01234567890}.Debug|x64.Build.0 = Debug|Any CPU
		{E5F6A7B8-C9D0-4A45-234E-F01234567890}.Debug|x86.ActiveCfg = Debug|Any CPU
		{E5F6A7B8-C9D0-4A45-234E-F01234567890}.Debug|x86.Build.0 = Debug|Any CPU
		{E5F6A7B8-C9D0-4A45-234E-F01234567890}.Release|Any CPU.ActiveCfg = Release|Any CPU
		{E5F6A7B8-C9D0-4A45-234E-F01234567890}.Release|Any CPU.Build.0 = Release|Any CPU
		{E5F6A7B8-C9D0-4A45-234E-F01234567890}.Release|x64.ActiveCfg = Release|Any CPU
		{E5F6A7B8-C9D0-4A45-234E-F01234567890}.Release|x64.Build.0 = Release|Any CPU
		{E5F6A7B8-C9D0-4A45-234E-F01234567890}.Release|x86.ActiveCfg = Release|Any CPU
		{E5F6A7B8-C9D0-4A45-234E-F01234567890}.Release|x86.Build.0 = Release|Any CPU
		{3729F736-4087-4A43-B373-B5DA9D1E5BD5}.Debug|Any CPU.ActiveCfg = Debug|Any CPU
		{3729F736-4087-4A43-B373-B5DA9D1E5BD5}.Debug|Any CPU.Build.0 = Debug|Any CPU
		{3729F736-4087-4A43-B373-B5DA9D1E5BD5}.Debug|x64.ActiveCfg = Debug|Any CPU
		{3729F736-4087-4A43-B373-B5DA9D1E5BD5}.Debug|x64.Build.0 = Debug|Any CPU
		{3729F736-4087-4A43-B373-B5DA9D1E5BD5}.Debug|x86.ActiveCfg = Debug|Any CPU
		{3729F736-4087-4A43-B373-B5DA9D1E5BD5}.Debug|x86.Build.0 = Debug|Any CPU
		{3729F736-4087-4A43-B373-B5DA9D1E5BD5}.Release|Any CPU.ActiveCfg = Release|Any CPU
		{3729F736-4087-4A43-B373-B5DA9D1E5BD5}.Release|Any CPU.Build.0 = Release|Any CPU
		{3729F736-4087-4A43-B373-B5DA9D1E5BD5}.Release|x64.ActiveCfg = Release|Any CPU
		{3729F736-4087-4A43-B373-B5DA9D1E5BD5}.Release|x64.Build.0 = Release|Any CPU
		{3729F736-4087-4A43-B373-B5DA9D1E5BD5}.Release|x86.ActiveCfg = Release|Any CPU
		{3729F736-4087-4A43-B373-B5DA9D1E5BD5}.Release|x86.Build.0 = Release|Any CPU
		{4B7C5B9F-113F-447C-9165-200472F3737D}.Debug|Any CPU.ActiveCfg = Debug|Any CPU
		{4B7C5B9F-113F-447C-9165-200472F3737D}.Debug|Any CPU.Build.0 = Debug|Any CPU
		{4B7C5B9F-113F-447C-9165-200472F3737D}.Debug|x64.ActiveCfg = Debug|Any CPU
		{4B7C5B9F-113F-447C-9165-200472F3737D}.Debug|x64.Build.0 = Debug|Any CPU
		{4B7C5B9F-113F-447C-9165-200472F3737D}.Debug|x86.ActiveCfg = Debug|Any CPU
		{4B7C5B9F-113F-447C-9165-200472F3737D}.Debug|x86.Build.0 = Debug|Any CPU
		{4B7C5B9F-113F-447C-9165-200472F3737D}.Release|Any CPU.ActiveCfg = Release|Any CPU
		{4B7C5B9F-113F-447C-9165-200472F3737D}.Release|Any CPU.Build.0 = Release|Any CPU
		{4B7C5B9F-113F-447C-9165-200472F3737D}.Release|x64.ActiveCfg = Release|Any CPU
		{4B7C5B9F-113F-447C-9165-200472F3737D}.Release|x64.Build.0 = Release|Any CPU
		{4B7C5B9F-113F-447C-9165-200472F3737D}.Release|x86.ActiveCfg = Release|Any CPU
		{4B7C5B9F-113F-447C-9165-200472F3737D}.Release|x86.Build.0 = Release|Any CPU
		{3EE492EF-8284-4241-BE47-6BCB551C7FE1}.Debug|Any CPU.ActiveCfg = Debug|Any CPU
		{3EE492EF-8284-4241-BE47-6BCB551C7FE1}.Debug|Any CPU.Build.0 = Debug|Any CPU
		{3EE492EF-8284-4241-BE47-6BCB551C7FE1}.Debug|x64.ActiveCfg = Debug|Any CPU
		{3EE492EF-8284-4241-BE47-6BCB551C7FE1}.Debug|x64.Build.0 = Debug|Any CPU
		{3EE492EF-8284-4241-BE47-6BCB551C7FE1}.Debug|x86.ActiveCfg = Debug|Any CPU
		{3EE492EF-8284-4241-BE47-6BCB551C7FE1}.Debug|x86.Build.0 = Debug|Any CPU
		{3EE492EF-8284-4241-BE47-6BCB551C7FE1}.Release|Any CPU.ActiveCfg = Release|Any CPU
		{3EE492EF-8284-4241-BE47-6BCB551C7FE1}.Release|Any CPU.Build.0 = Release|Any CPU
		{3EE492EF-8284-4241-BE47-6BCB551C7FE1}.Release|x64.ActiveCfg = Release|Any CPU
		{3EE492EF-8284-4241-BE47-6BCB551C7FE1}.Release|x64.Build.0 = Release|Any CPU
		{3EE492EF-8284-4241-BE47-6BCB551C7FE1}.Release|x86.ActiveCfg = Release|Any CPU
		{3EE492EF-8284-4241-BE47-6BCB551C7FE1}.Release|x86.Build.0 = Release|Any CPU
	EndGlobalSection
	GlobalSection(SolutionProperties) = preSolution
		HideSolutionNode = FALSE
	EndGlobalSection
	GlobalSection(NestedProjects) = preSolution
		{3729F736-4087-4A43-B373-B5DA9D1E5BD5} = {0AB3BF05-4346-4AA6-1389-037BE0695223}
		{4B7C5B9F-113F-447C-9165-200472F3737D} = {0AB3BF05-4346-4AA6-1389-037BE0695223}
		{3EE492EF-8284-4241-BE47-6BCB551C7FE1} = {0AB3BF05-4346-4AA6-1389-037BE0695223}
	EndGlobalSection
EndGlobal
